// !$*UTF8*$!
{
	archiveVersion = 1;
	classes = {
	};
	objectVersion = 56;
	objects = {

/* Begin PBXBuildFile section */
		AA000001 /* warnabrothaApp.swift in Sources */ = {isa = PBXBuildFile; fileRef = AA100001 /* warnabrothaApp.swift */; };
		AA000002 /* ContentView.swift in Sources */ = {isa = PBXBuildFile; fileRef = AA100002 /* ContentView.swift */; };
		AA000003 /* APIModels.swift in Sources */ = {isa = PBXBuildFile; fileRef = AA100003 /* APIModels.swift */; };
		AA000004 /* APIClient.swift in Sources */ = {isa = PBXBuildFile; fileRef = AA100004 /* APIClient.swift */; };
		AA000005 /* KeychainService.swift in Sources */ = {isa = PBXBuildFile; fileRef = AA100005 /* KeychainService.swift */; };
		AA000006 /* Win95Theme.swift in Sources */ = {isa = PBXBuildFile; fileRef = AA100006 /* Win95Theme.swift */; };
		AA000007 /* AppViewModel.swift in Sources */ = {isa = PBXBuildFile; fileRef = AA100007 /* AppViewModel.swift */; };
		AA000008 /* ButtonsTab.swift in Sources */ = {isa = PBXBuildFile; fileRef = AA100008 /* ButtonsTab.swift */; };
		AA000009 /* EmailVerificationView.swift in Sources */ = {isa = PBXBuildFile; fileRef = AA100009 /* EmailVerificationView.swift */; };
		AA00000A /* ProbabilityTab.swift in Sources */ = {isa = PBXBuildFile; fileRef = AA10000A /* ProbabilityTab.swift */; };
		AA00000B /* Assets.xcassets in Resources */ = {isa = PBXBuildFile; fileRef = AA10000B /* Assets.xcassets */; };
		AA00000C /* Preview Assets.xcassets in Resources */ = {isa = PBXBuildFile; fileRef = AA10000C /* Preview Assets.xcassets */; };
		AA00000D /* W95FA.otf in Resources */ = {isa = PBXBuildFile; fileRef = AA10000D /* W95FA.otf */; };
		AA00000E /* warnabrothaTests.swift in Sources */ = {isa = PBXBuildFile; fileRef = AA10000E /* warnabrothaTests.swift */; };
		AA00000F /* warnabrothaUITests.swift in Sources */ = {isa = PBXBuildFile; fileRef = AA10000F /* warnabrothaUITests.swift */; };
		AA000010 /* warnabrothaUITestsLaunchTests.swift in Sources */ = {isa = PBXBuildFile; fileRef = AA100010 /* warnabrothaUITestsLaunchTests.swift */; };
/* End PBXBuildFile section */

/* Begin PBXContainerItemProxy section */
		5733878E2F2010FE0053D6A8 /* PBXContainerItemProxy */ = {
			isa = PBXContainerItemProxy;
			containerPortal = 573387752F2010FB0053D6A8 /* Project object */;
			proxyType = 1;
			remoteGlobalIDString = 5733877C2F2010FB0053D6A8;
			remoteInfo = warnabrotha;
		};
		573387982F2010FE0053D6A8 /* PBXContainerItemProxy */ = {
			isa = PBXContainerItemProxy;
			containerPortal = 573387752F2010FB0053D6A8 /* Project object */;
			proxyType = 1;
			remoteGlobalIDString = 5733877C2F2010FB0053D6A8;
			remoteInfo = warnabrotha;
		};
/* End PBXContainerItemProxy section */

/* Begin PBXFileReference section */
		5733877D2F2010FB0053D6A8 /* warnabrotha.app */ = {isa = PBXFileReference; explicitFileType = wrapper.application; includeInIndex = 0; path = warnabrotha.app; sourceTree = BUILT_PRODUCTS_DIR; };
		5733878D2F2010FE0053D6A8 /* warnabrothaTests.xctest */ = {isa = PBXFileReference; explicitFileType = wrapper.cfbundle; includeInIndex = 0; path = warnabrothaTests.xctest; sourceTree = BUILT_PRODUCTS_DIR; };
		573387972F2010FE0053D6A8 /* warnabrothaUITests.xctest */ = {isa = PBXFileReference; explicitFileType = wrapper.cfbundle; includeInIndex = 0; path = warnabrothaUITests.xctest; sourceTree = BUILT_PRODUCTS_DIR; };
		AA100001 /* warnabrothaApp.swift */ = {isa = PBXFileReference; lastKnownFileType = sourcecode.swift; path = warnabrothaApp.swift; sourceTree = "<group>"; };
		AA100002 /* ContentView.swift */ = {isa = PBXFileReference; lastKnownFileType = sourcecode.swift; path = ContentView.swift; sourceTree = "<group>"; };
		AA100003 /* APIModels.swift */ = {isa = PBXFileReference; lastKnownFileType = sourcecode.swift; path = APIModels.swift; sourceTree = "<group>"; };
		AA100004 /* APIClient.swift */ = {isa = PBXFileReference; lastKnownFileType = sourcecode.swift; path = APIClient.swift; sourceTree = "<group>"; };
		AA100005 /* KeychainService.swift */ = {isa = PBXFileReference; lastKnownFileType = sourcecode.swift; path = KeychainService.swift; sourceTree = "<group>"; };
		AA100006 /* Win95Theme.swift */ = {isa = PBXFileReference; lastKnownFileType = sourcecode.swift; path = Win95Theme.swift; sourceTree = "<group>"; };
		AA100007 /* AppViewModel.swift */ = {isa = PBXFileReference; lastKnownFileType = sourcecode.swift; path = AppViewModel.swift; sourceTree = "<group>"; };
		AA100008 /* ButtonsTab.swift */ = {isa = PBXFileReference; lastKnownFileType = sourcecode.swift; path = ButtonsTab.swift; sourceTree = "<group>"; };
		AA100009 /* EmailVerificationView.swift */ = {isa = PBXFileReference; lastKnownFileType = sourcecode.swift; path = EmailVerificationView.swift; sourceTree = "<group>"; };
		AA10000A /* ProbabilityTab.swift */ = {isa = PBXFileReference; lastKnownFileType = sourcecode.swift; path = ProbabilityTab.swift; sourceTree = "<group>"; };
		AA10000B /* Assets.xcassets */ = {isa = PBXFileReference; lastKnownFileType = folder.assetcatalog; path = Assets.xcassets; sourceTree = "<group>"; };
		AA10000C /* Preview Assets.xcassets */ = {isa = PBXFileReference; lastKnownFileType = folder.assetcatalog; path = "Preview Assets.xcassets"; sourceTree = "<group>"; };
		AA10000D /* W95FA.otf */ = {isa = PBXFileReference; lastKnownFileType = file; path = W95FA.otf; sourceTree = "<group>"; };
		AA10000E /* warnabrothaTests.swift */ = {isa = PBXFileReference; lastKnownFileType = sourcecode.swift; path = warnabrothaTests.swift; sourceTree = "<group>"; };
		AA10000F /* warnabrothaUITests.swift */ = {isa = PBXFileReference; lastKnownFileType = sourcecode.swift; path = warnabrothaUITests.swift; sourceTree = "<group>"; };
		AA100010 /* warnabrothaUITestsLaunchTests.swift */ = {isa = PBXFileReference; lastKnownFileType = sourcecode.swift; path = warnabrothaUITestsLaunchTests.swift; sourceTree = "<group>"; };
		AA100011 /* Info.plist */ = {isa = PBXFileReference; lastKnownFileType = text.plist.xml; path = Info.plist; sourceTree = "<group>"; };
/* End PBXFileReference section */

/* Begin PBXFrameworksBuildPhase section */
		5733877A2F2010FB0053D6A8 /* Frameworks */ = {
			isa = PBXFrameworksBuildPhase;
			buildActionMask = 2147483647;
			files = (
			);
			runOnlyForDeploymentPostprocessing = 0;
		};
		5733878A2F2010FE0053D6A8 /* Frameworks */ = {
			isa = PBXFrameworksBuildPhase;
			buildActionMask = 2147483647;
			files = (
			);
			runOnlyForDeploymentPostprocessing = 0;
		};
		573387942F2010FE0053D6A8 /* Frameworks */ = {
			isa = PBXFrameworksBuildPhase;
			buildActionMask = 2147483647;
			files = (
			);
			runOnlyForDeploymentPostprocessing = 0;
		};
/* End PBXFrameworksBuildPhase section */

/* Begin PBXGroup section */
		573387742F2010FB0053D6A8 = {
			isa = PBXGroup;
			children = (
				AA200001 /* warnabrotha */,
				AA200005 /* warnabrothaTests */,
				AA200006 /* warnabrothaUITests */,
				5733877E2F2010FB0053D6A8 /* Products */,
			);
			sourceTree = "<group>";
		};
		5733877E2F2010FB0053D6A8 /* Products */ = {
			isa = PBXGroup;
			children = (
				5733877D2F2010FB0053D6A8 /* warnabrotha.app */,
				5733878D2F2010FE0053D6A8 /* warnabrothaTests.xctest */,
				573387972F2010FE0053D6A8 /* warnabrothaUITests.xctest */,
			);
			name = Products;
			sourceTree = "<group>";
		};
		AA200001 /* warnabrotha */ = {
			isa = PBXGroup;
			children = (
				AA100001 /* warnabrothaApp.swift */,
				AA100002 /* ContentView.swift */,
				AA100011 /* Info.plist */,
				AA10000D /* W95FA.otf */,
				AA10000B /* Assets.xcassets */,
				AA200002 /* Models */,
				AA200003 /* Services */,
				AA200007 /* Theme */,
				AA200004 /* ViewModels */,
				AA200008 /* Views */,
				AA200009 /* Preview Content */,
			);
			path = warnabrotha;
			sourceTree = "<group>";
		};
		AA200002 /* Models */ = {
			isa = PBXGroup;
			children = (
				AA100003 /* APIModels.swift */,
			);
			path = Models;
			sourceTree = "<group>";
		};
		AA200003 /* Services */ = {
			isa = PBXGroup;
			children = (
				AA100004 /* APIClient.swift */,
				AA100005 /* KeychainService.swift */,
			);
			path = Services;
			sourceTree = "<group>";
		};
		AA200007 /* Theme */ = {
			isa = PBXGroup;
			children = (
				AA100006 /* Win95Theme.swift */,
			);
			path = Theme;
			sourceTree = "<group>";
		};
		AA200004 /* ViewModels */ = {
			isa = PBXGroup;
			children = (
				AA100007 /* AppViewModel.swift */,
			);
			path = ViewModels;
			sourceTree = "<group>";
		};
		AA200008 /* Views */ = {
			isa = PBXGroup;
			children = (
				AA100008 /* ButtonsTab.swift */,
				AA100009 /* EmailVerificationView.swift */,
				AA10000A /* ProbabilityTab.swift */,
			);
			path = Views;
			sourceTree = "<group>";
		};
		AA200009 /* Preview Content */ = {
			isa = PBXGroup;
			children = (
				AA10000C /* Preview Assets.xcassets */,
			);
			path = "Preview Content";
			sourceTree = "<group>";
		};
		AA200005 /* warnabrothaTests */ = {
			isa = PBXGroup;
			children = (
				AA10000E /* warnabrothaTests.swift */,
			);
			path = warnabrothaTests;
			sourceTree = "<group>";
		};
		AA200006 /* warnabrothaUITests */ = {
			isa = PBXGroup;
			children = (
				AA10000F /* warnabrothaUITests.swift */,
				AA100010 /* warnabrothaUITestsLaunchTests.swift */,
			);
			path = warnabrothaUITests;
			sourceTree = "<group>";
		};
/* End PBXGroup section */

/* Begin PBXNativeTarget section */
		5733877C2F2010FB0053D6A8 /* warnabrotha */ = {
			isa = PBXNativeTarget;
			buildConfigurationList = 573387A12F2010FE0053D6A8 /* Build configuration list for PBXNativeTarget "warnabrotha" */;
			buildPhases = (
				573387792F2010FB0053D6A8 /* Sources */,
				5733877A2F2010FB0053D6A8 /* Frameworks */,
				5733877B2F2010FB0053D6A8 /* Resources */,
			);
			buildRules = (
			);
			dependencies = (
			);
			name = warnabrotha;
			packageProductDependencies = (
			);
			productName = warnabrotha;
			productReference = 5733877D2F2010FB0053D6A8 /* warnabrotha.app */;
			productType = "com.apple.product-type.application";
		};
		5733878C2F2010FE0053D6A8 /* warnabrothaTests */ = {
			isa = PBXNativeTarget;
			buildConfigurationList = 573387A42F2010FE0053D6A8 /* Build configuration list for PBXNativeTarget "warnabrothaTests" */;
			buildPhases = (
				573387892F2010FE0053D6A8 /* Sources */,
				5733878A2F2010FE0053D6A8 /* Frameworks */,
				5733878B2F2010FE0053D6A8 /* Resources */,
			);
			buildRules = (
			);
			dependencies = (
				5733878F2F2010FE0053D6A8 /* PBXTargetDependency */,
			);
			name = warnabrothaTests;
			packageProductDependencies = (
			);
			productName = warnabrothaTests;
			productReference = 5733878D2F2010FE0053D6A8 /* warnabrothaTests.xctest */;
			productType = "com.apple.product-type.bundle.unit-test";
		};
		573387962F2010FE0053D6A8 /* warnabrothaUITests */ = {
			isa = PBXNativeTarget;
			buildConfigurationList = 573387A72F2010FE0053D6A8 /* Build configuration list for PBXNativeTarget "warnabrothaUITests" */;
			buildPhases = (
				573387932F2010FE0053D6A8 /* Sources */,
				573387942F2010FE0053D6A8 /* Frameworks */,
				573387952F2010FE0053D6A8 /* Resources */,
			);
			buildRules = (
			);
			dependencies = (
				573387992F2010FE0053D6A8 /* PBXTargetDependency */,
			);
			name = warnabrothaUITests;
			packageProductDependencies = (
			);
			productName = warnabrothaUITests;
			productReference = 573387972F2010FE0053D6A8 /* warnabrothaUITests.xctest */;
			productType = "com.apple.product-type.bundle.ui-testing";
		};
/* End PBXNativeTarget section */

/* Begin PBXProject section */
		573387752F2010FB0053D6A8 /* Project object */ = {
			isa = PBXProject;
			attributes = {
				BuildIndependentTargetsInParallel = 1;
				LastSwiftUpdateCheck = 1500;
				LastUpgradeCheck = 1500;
				TargetAttributes = {
					5733877C2F2010FB0053D6A8 = {
						CreatedOnToolsVersion = 15.0;
					};
					5733878C2F2010FE0053D6A8 = {
						CreatedOnToolsVersion = 15.0;
						TestTargetID = 5733877C2F2010FB0053D6A8;
					};
					573387962F2010FE0053D6A8 = {
						CreatedOnToolsVersion = 15.0;
						TestTargetID = 5733877C2F2010FB0053D6A8;
					};
				};
			};
			buildConfigurationList = 573387782F2010FB0053D6A8 /* Build configuration list for PBXProject "warnabrotha" */;
			compatibilityVersion = "Xcode 14.0";
			developmentRegion = en;
			hasScannedForEncodings = 0;
			knownRegions = (
				en,
				Base,
			);
			mainGroup = 573387742F2010FB0053D6A8;
			productRefGroup = 5733877E2F2010FB0053D6A8 /* Products */;
			projectDirPath = "";
			projectRoot = "";
			targets = (
				5733877C2F2010FB0053D6A8 /* warnabrotha */,
				5733878C2F2010FE0053D6A8 /* warnabrothaTests */,
				573387962F2010FE0053D6A8 /* warnabrothaUITests */,
			);
		};
/* End PBXProject section */

/* Begin PBXResourcesBuildPhase section */
		5733877B2F2010FB0053D6A8 /* Resources */ = {
			isa = PBXResourcesBuildPhase;
			buildActionMask = 2147483647;
			files = (
				AA00000C /* Preview Assets.xcassets in Resources */,
				AA00000B /* Assets.xcassets in Resources */,
				AA00000D /* W95FA.otf in Resources */,
			);
			runOnlyForDeploymentPostprocessing = 0;
		};
		5733878B2F2010FE0053D6A8 /* Resources */ = {
			isa = PBXResourcesBuildPhase;
			buildActionMask = 2147483647;
			files = (
			);
			runOnlyForDeploymentPostprocessing = 0;
		};
		573387952F2010FE0053D6A8 /* Resources */ = {
			isa = PBXResourcesBuildPhase;
			buildActionMask = 2147483647;
			files = (
			);
			runOnlyForDeploymentPostprocessing = 0;
		};
/* End PBXResourcesBuildPhase section */

/* Begin PBXSourcesBuildPhase section */
		573387792F2010FB0053D6A8 /* Sources */ = {
			isa = PBXSourcesBuildPhase;
			buildActionMask = 2147483647;
			files = (
				AA000001 /* warnabrothaApp.swift in Sources */,
				AA000002 /* ContentView.swift in Sources */,
				AA000003 /* APIModels.swift in Sources */,
				AA000004 /* APIClient.swift in Sources */,
				AA000005 /* KeychainService.swift in Sources */,
				AA000006 /* Win95Theme.swift in Sources */,
				AA000007 /* AppViewModel.swift in Sources */,
				AA000008 /* ButtonsTab.swift in Sources */,
				AA000009 /* EmailVerificationView.swift in Sources */,
				AA00000A /* ProbabilityTab.swift in Sources */,
			);
			runOnlyForDeploymentPostprocessing = 0;
		};
		573387892F2010FE0053D6A8 /* Sources */ = {
			isa = PBXSourcesBuildPhase;
			buildActionMask = 2147483647;
			files = (
				AA00000E /* warnabrothaTests.swift in Sources */,
			);
			runOnlyForDeploymentPostprocessing = 0;
		};
		573387932F2010FE0053D6A8 /* Sources */ = {
			isa = PBXSourcesBuildPhase;
			buildActionMask = 2147483647;
			files = (
				AA00000F /* warnabrothaUITests.swift in Sources */,
				AA000010 /* warnabrothaUITestsLaunchTests.swift in Sources */,
			);
			runOnlyForDeploymentPostprocessing = 0;
		};
/* End PBXSourcesBuildPhase section */

/* Begin PBXTargetDependency section */
		5733878F2F2010FE0053D6A8 /* PBXTargetDependency */ = {
			isa = PBXTargetDependency;
			target = 5733877C2F2010FB0053D6A8 /* warnabrotha */;
			targetProxy = 5733878E2F2010FE0053D6A8 /* PBXContainerItemProxy */;
		};
		573387992F2010FE0053D6A8 /* PBXTargetDependency */ = {
			isa = PBXTargetDependency;
			target = 5733877C2F2010FB0053D6A8 /* warnabrotha */;
			targetProxy = 573387982F2010FE0053D6A8 /* PBXContainerItemProxy */;
		};
/* End PBXTargetDependency section */

/* Begin XCBuildConfiguration section */
		5733879F2F2010FE0053D6A8 /* Debug */ = {
			isa = XCBuildConfiguration;
			buildSettings = {
				ALWAYS_SEARCH_USER_PATHS = NO;
				ASSETCATALOG_COMPILER_GENERATE_SWIFT_ASSET_SYMBOL_EXTENSIONS = YES;
				CLANG_ANALYZER_NONNULL = YES;
				CLANG_ANALYZER_NUMBER_OBJECT_CONVERSION = YES_AGGRESSIVE;
				CLANG_CXX_LANGUAGE_STANDARD = "gnu++20";
				CLANG_ENABLE_MODULES = YES;
				CLANG_ENABLE_OBJC_ARC = YES;
				CLANG_ENABLE_OBJC_WEAK = YES;
				CLANG_WARN_BLOCK_CAPTURE_AUTORELEASING = YES;
				CLANG_WARN_BOOL_CONVERSION = YES;
				CLANG_WARN_COMMA = YES;
				CLANG_WARN_CONSTANT_CONVERSION = YES;
				CLANG_WARN_DEPRECATED_OBJC_IMPLEMENTATIONS = YES;
				CLANG_WARN_DIRECT_OBJC_ISA_USAGE = YES_ERROR;
				CLANG_WARN_DOCUMENTATION_COMMENTS = YES;
				CLANG_WARN_EMPTY_BODY = YES;
				CLANG_WARN_ENUM_CONVERSION = YES;
				CLANG_WARN_INFINITE_RECURSION = YES;
				CLANG_WARN_INT_CONVERSION = YES;
				CLANG_WARN_NON_LITERAL_NULL_CONVERSION = YES;
				CLANG_WARN_OBJC_IMPLICIT_RETAIN_SELF = YES;
				CLANG_WARN_OBJC_LITERAL_CONVERSION = YES;
				CLANG_WARN_OBJC_ROOT_CLASS = YES_ERROR;
				CLANG_WARN_QUOTED_INCLUDE_IN_FRAMEWORK_HEADER = YES;
				CLANG_WARN_RANGE_LOOP_ANALYSIS = YES;
				CLANG_WARN_STRICT_PROTOTYPES = YES;
				CLANG_WARN_SUSPICIOUS_MOVE = YES;
				CLANG_WARN_UNGUARDED_AVAILABILITY = YES_AGGRESSIVE;
				CLANG_WARN_UNREACHABLE_CODE = YES;
				CLANG_WARN__DUPLICATE_METHOD_MATCH = YES;
				COPY_PHASE_STRIP = NO;
				DEBUG_INFORMATION_FORMAT = dwarf;
				ENABLE_STRICT_OBJC_MSGSEND = YES;
				ENABLE_TESTABILITY = YES;
				ENABLE_USER_SCRIPT_SANDBOXING = YES;
				GCC_C_LANGUAGE_STANDARD = gnu17;
				GCC_DYNAMIC_NO_PIC = NO;
				GCC_NO_COMMON_BLOCKS = YES;
				GCC_OPTIMIZATION_LEVEL = 0;
				GCC_PREPROCESSOR_DEFINITIONS = (
					"DEBUG=1",
					"$(inherited)",
				);
				GCC_WARN_64_TO_32_BIT_CONVERSION = YES;
				GCC_WARN_ABOUT_RETURN_TYPE = YES_ERROR;
				GCC_WARN_UNDECLARED_SELECTOR = YES;
				GCC_WARN_UNINITIALIZED_AUTOS = YES_AGGRESSIVE;
				GCC_WARN_UNUSED_FUNCTION = YES;
				GCC_WARN_UNUSED_VARIABLE = YES;
				IPHONEOS_DEPLOYMENT_TARGET = 17.0;
				LOCALIZATION_PREFERS_STRING_CATALOGS = YES;
				MTL_ENABLE_DEBUG_INFO = INCLUDE_SOURCE;
				MTL_FAST_MATH = YES;
				ONLY_ACTIVE_ARCH = YES;
				SDKROOT = iphoneos;
				SWIFT_ACTIVE_COMPILATION_CONDITIONS = "DEBUG $(inherited)";
				SWIFT_OPTIMIZATION_LEVEL = "-Onone";
			};
			name = Debug;
		};
		573387A02F2010FE0053D6A8 /* Release */ = {
			isa = XCBuildConfiguration;
			buildSettings = {
				ALWAYS_SEARCH_USER_PATHS = NO;
				ASSETCATALOG_COMPILER_GENERATE_SWIFT_ASSET_SYMBOL_EXTENSIONS = YES;
				CLANG_ANALYZER_NONNULL = YES;
				CLANG_ANALYZER_NUMBER_OBJECT_CONVERSION = YES_AGGRESSIVE;
				CLANG_CXX_LANGUAGE_STANDARD = "gnu++20";
				CLANG_ENABLE_MODULES = YES;
				CLANG_ENABLE_OBJC_ARC = YES;
				CLANG_ENABLE_OBJC_WEAK = YES;
				CLANG_WARN_BLOCK_CAPTURE_AUTORELEASING = YES;
				CLANG_WARN_BOOL_CONVERSION = YES;
				CLANG_WARN_COMMA = YES;
				CLANG_WARN_CONSTANT_CONVERSION = YES;
				CLANG_WARN_DEPRECATED_OBJC_IMPLEMENTATIONS = YES;
				CLANG_WARN_DIRECT_OBJC_ISA_USAGE = YES_ERROR;
				CLANG_WARN_DOCUMENTATION_COMMENTS = YES;
				CLANG_WARN_EMPTY_BODY = YES;
				CLANG_WARN_ENUM_CONVERSION = YES;
				CLANG_WARN_INFINITE_RECURSION = YES;
				CLANG_WARN_INT_CONVERSION = YES;
				CLANG_WARN_NON_LITERAL_NULL_CONVERSION = YES;
				CLANG_WARN_OBJC_IMPLICIT_RETAIN_SELF = YES;
				CLANG_WARN_OBJC_LITERAL_CONVERSION = YES;
				CLANG_WARN_OBJC_ROOT_CLASS = YES_ERROR;
				CLANG_WARN_QUOTED_INCLUDE_IN_FRAMEWORK_HEADER = YES;
				CLANG_WARN_RANGE_LOOP_ANALYSIS = YES;
				CLANG_WARN_STRICT_PROTOTYPES = YES;
				CLANG_WARN_SUSPICIOUS_MOVE = YES;
				CLANG_WARN_UNGUARDED_AVAILABILITY = YES_AGGRESSIVE;
				CLANG_WARN_UNREACHABLE_CODE = YES;
				CLANG_WARN__DUPLICATE_METHOD_MATCH = YES;
				COPY_PHASE_STRIP = NO;
				DEBUG_INFORMATION_FORMAT = "dwarf-with-dsym";
				ENABLE_NS_ASSERTIONS = NO;
				ENABLE_STRICT_OBJC_MSGSEND = YES;
				ENABLE_USER_SCRIPT_SANDBOXING = YES;
				GCC_C_LANGUAGE_STANDARD = gnu17;
				GCC_NO_COMMON_BLOCKS = YES;
				GCC_WARN_64_TO_32_BIT_CONVERSION = YES;
				GCC_WARN_ABOUT_RETURN_TYPE = YES_ERROR;
				GCC_WARN_UNDECLARED_SELECTOR = YES;
				GCC_WARN_UNINITIALIZED_AUTOS = YES_AGGRESSIVE;
				GCC_WARN_UNUSED_FUNCTION = YES;
				GCC_WARN_UNUSED_VARIABLE = YES;
				IPHONEOS_DEPLOYMENT_TARGET = 17.0;
				LOCALIZATION_PREFERS_STRING_CATALOGS = YES;
				MTL_ENABLE_DEBUG_INFO = NO;
				MTL_FAST_MATH = YES;
				SDKROOT = iphoneos;
				SWIFT_COMPILATION_MODE = wholemodule;
				VALIDATE_PRODUCT = YES;
			};
			name = Release;
		};
		573387A22F2010FE0053D6A8 /* Debug */ = {
			isa = XCBuildConfiguration;
			buildSettings = {
				ASSETCATALOG_COMPILER_APPICON_NAME = AppIcon;
				ASSETCATALOG_COMPILER_GLOBAL_ACCENT_COLOR_NAME = AccentColor;
				CODE_SIGN_STYLE = Automatic;
				CURRENT_PROJECT_VERSION = 1;
				DEVELOPMENT_ASSET_PATHS = "\"warnabrotha/Preview Content\"";
				DEVELOPMENT_TEAM = P77G23267R;
				ENABLE_PREVIEWS = YES;
				GENERATE_INFOPLIST_FILE = YES;
				INFOPLIST_FILE = warnabrotha/Info.plist;
				INFOPLIST_KEY_UIApplicationSceneManifest_Generation = YES;
				INFOPLIST_KEY_UIApplicationSupportsIndirectInputEvents = YES;
				INFOPLIST_KEY_UILaunchScreen_Generation = YES;
				INFOPLIST_KEY_UISupportedInterfaceOrientations_iPad = "UIInterfaceOrientationPortrait UIInterfaceOrientationPortraitUpsideDown UIInterfaceOrientationLandscapeLeft UIInterfaceOrientationLandscapeRight";
				INFOPLIST_KEY_UISupportedInterfaceOrientations_iPhone = "UIInterfaceOrientationPortrait UIInterfaceOrientationLandscapeLeft UIInterfaceOrientationLandscapeRight";
				LD_RUNPATH_SEARCH_PATHS = (
					"$(inherited)",
					"@executable_path/Frameworks",
				);
				MARKETING_VERSION = 1.0;
				PRODUCT_BUNDLE_IDENTIFIER = ECS191.warnabrotha;
				PRODUCT_NAME = "$(TARGET_NAME)";
				SWIFT_EMIT_LOC_STRINGS = YES;
				SWIFT_VERSION = 5.0;
				TARGETED_DEVICE_FAMILY = "1,2";
			};
			name = Debug;
		};
		573387A32F2010FE0053D6A8 /* Release */ = {
			isa = XCBuildConfiguration;
			buildSettings = {
				ASSETCATALOG_COMPILER_APPICON_NAME = AppIcon;
				ASSETCATALOG_COMPILER_GLOBAL_ACCENT_COLOR_NAME = AccentColor;
				CODE_SIGN_STYLE = Automatic;
				CURRENT_PROJECT_VERSION = 1;
				DEVELOPMENT_ASSET_PATHS = "\"warnabrotha/Preview Content\"";
				DEVELOPMENT_TEAM = P77G23267R;
				ENABLE_PREVIEWS = YES;
				GENERATE_INFOPLIST_FILE = YES;
				INFOPLIST_FILE = warnabrotha/Info.plist;
				INFOPLIST_KEY_UIApplicationSceneManifest_Generation = YES;
				INFOPLIST_KEY_UIApplicationSupportsIndirectInputEvents = YES;
				INFOPLIST_KEY_UILaunchScreen_Generation = YES;
				INFOPLIST_KEY_UISupportedInterfaceOrientations_iPad = "UIInterfaceOrientationPortrait UIInterfaceOrientationPortraitUpsideDown UIInterfaceOrientationLandscapeLeft UIInterfaceOrientationLandscapeRight";
				INFOPLIST_KEY_UISupportedInterfaceOrientations_iPhone = "UIInterfaceOrientationPortrait UIInterfaceOrientationLandscapeLeft UIInterfaceOrientationLandscapeRight";
				LD_RUNPATH_SEARCH_PATHS = (
					"$(inherited)",
					"@executable_path/Frameworks",
				);
				MARKETING_VERSION = 1.0;
				PRODUCT_BUNDLE_IDENTIFIER = ECS191.warnabrotha;
				PRODUCT_NAME = "$(TARGET_NAME)";
				SWIFT_EMIT_LOC_STRINGS = YES;
				SWIFT_VERSION = 5.0;
				TARGETED_DEVICE_FAMILY = "1,2";
			};
			name = Release;
		};
		573387A52F2010FE0053D6A8 /* Debug */ = {
			isa = XCBuildConfiguration;
			buildSettings = {
				BUNDLE_LOADER = "$(TEST_HOST)";
				CODE_SIGN_STYLE = Automatic;
				CURRENT_PROJECT_VERSION = 1;
				DEVELOPMENT_TEAM = P77G23267R;
				GENERATE_INFOPLIST_FILE = YES;
				IPHONEOS_DEPLOYMENT_TARGET = 17.0;
				MARKETING_VERSION = 1.0;
				PRODUCT_BUNDLE_IDENTIFIER = ECS191.warnabrothaTests;
				PRODUCT_NAME = "$(TARGET_NAME)";
				SWIFT_EMIT_LOC_STRINGS = NO;
				SWIFT_VERSION = 5.0;
				TARGETED_DEVICE_FAMILY = "1,2";
				TEST_HOST = "$(BUILT_PRODUCTS_DIR)/warnabrotha.app/$(BUNDLE_EXECUTABLE_FOLDER_PATH)/warnabrotha";
			};
			name = Debug;
		};
		573387A62F2010FE0053D6A8 /* Release */ = {
			isa = XCBuildConfiguration;
			buildSettings = {
				BUNDLE_LOADER = "$(TEST_HOST)";
				CODE_SIGN_STYLE = Automatic;
				CURRENT_PROJECT_VERSION = 1;
				DEVELOPMENT_TEAM = P77G23267R;
				GENERATE_INFOPLIST_FILE = YES;
				IPHONEOS_DEPLOYMENT_TARGET = 17.0;
				MARKETING_VERSION = 1.0;
				PRODUCT_BUNDLE_IDENTIFIER = ECS191.warnabrothaTests;
				PRODUCT_NAME = "$(TARGET_NAME)";
				SWIFT_EMIT_LOC_STRINGS = NO;
				SWIFT_VERSION = 5.0;
				TARGETED_DEVICE_FAMILY = "1,2";
				TEST_HOST = "$(BUILT_PRODUCTS_DIR)/warnabrotha.app/$(BUNDLE_EXECUTABLE_FOLDER_PATH)/warnabrotha";
			};
			name = Release;
		};
		573387A82F2010FE0053D6A8 /* Debug */ = {
			isa = XCBuildConfiguration;
			buildSettings = {
				CODE_SIGN_STYLE = Automatic;
				CURRENT_PROJECT_VERSION = 1;
				DEVELOPMENT_TEAM = P77G23267R;
				GENERATE_INFOPLIST_FILE = YES;
				MARKETING_VERSION = 1.0;
				PRODUCT_BUNDLE_IDENTIFIER = ECS191.warnabrothaUITests;
				PRODUCT_NAME = "$(TARGET_NAME)";
				SWIFT_EMIT_LOC_STRINGS = NO;
				SWIFT_VERSION = 5.0;
				TARGETED_DEVICE_FAMILY = "1,2";
				TEST_TARGET_NAME = warnabrotha;
			};
			name = Debug;
		};
		573387A92F2010FE0053D6A8 /* Release */ = {
			isa = XCBuildConfiguration;
			buildSettings = {
				CODE_SIGN_STYLE = Automatic;
				CURRENT_PROJECT_VERSION = 1;
				DEVELOPMENT_TEAM = P77G23267R;
				GENERATE_INFOPLIST_FILE = YES;
				MARKETING_VERSION = 1.0;
				PRODUCT_BUNDLE_IDENTIFIER = ECS191.warnabrothaUITests;
				PRODUCT_NAME = "$(TARGET_NAME)";
				SWIFT_EMIT_LOC_STRINGS = NO;
				SWIFT_VERSION = 5.0;
				TARGETED_DEVICE_FAMILY = "1,2";
				TEST_TARGET_NAME = warnabrotha;
			};
			name = Release;
		};
/* End XCBuildConfiguration section */

/* Begin XCConfigurationList section */
		573387782F2010FB0053D6A8 /* Build configuration list for PBXProject "warnabrotha" */ = {
			isa = XCConfigurationList;
			buildConfigurations = (
				5733879F2F2010FE0053D6A8 /* Debug */,
				573387A02F2010FE0053D6A8 /* Release */,
			);
			defaultConfigurationIsVisible = 0;
			defaultConfigurationName = Release;
		};
		573387A12F2010FE0053D6A8 /* Build configuration list for PBXNativeTarget "warnabrotha" */ = {
			isa = XCConfigurationList;
			buildConfigurations = (
				573387A22F2010FE0053D6A8 /* Debug */,
				573387A32F2010FE0053D6A8 /* Release */,
			);
			defaultConfigurationIsVisible = 0;
			defaultConfigurationName = Release;
		};
		573387A42F2010FE0053D6A8 /* Build configuration list for PBXNativeTarget "warnabrothaTests" */ = {
			isa = XCConfigurationList;
			buildConfigurations = (
				573387A52F2010FE0053D6A8 /* Debug */,
				573387A62F2010FE0053D6A8 /* Release */,
			);
			defaultConfigurationIsVisible = 0;
			defaultConfigurationName = Release;
		};
		573387A72F2010FE0053D6A8 /* Build configuration list for PBXNativeTarget "warnabrothaUITests" */ = {
			isa = XCConfigurationList;
			buildConfigurations = (
				573387A82F2010FE0053D6A8 /* Debug */,
				573387A92F2010FE0053D6A8 /* Release */,
			);
			defaultConfigurationIsVisible = 0;
			defaultConfigurationName = Release;
		};
/* End XCConfigurationList section */
	};
	rootObject = 573387752F2010FB0053D6A8 /* Project object */;
}
